
Microsoft Visual Studio Solution File, Format Version 12.00
# Visual Studio 15
VisualStudioVersion = 15.0.28307.572
MinimumVisualStudioVersion = 10.0.40219.1
Project("{FAE04EC0-301F-11D3-BF4B-00C04F79EFBC}") = "DotNetCore.DbUp.Migration", "DotNetCore.DbUp.Migration\DotNetCore.DbUp.Migration.csproj", "{7E53384A-8E17-402C-8316-913A054A29E9}"
EndProject
Project("{FAE04EC0-301F-11D3-BF4B-00C04F79EFBC}") = "DotNetCore.DbUp.Migration.Runner", "DotNetCore.DbUp.Migration.Runner\DotNetCore.DbUp.Migration.Runner.csproj", "{BB71CB09-BF73-4BD7-A0B3-980172513A92}"
EndProject
Global
	GlobalSection(SolutionConfigurationPlatforms) = preSolution
		Debug|Any CPU = Debug|Any CPU
		Release|Any CPU = Release|Any CPU
	EndGlobalSection
	GlobalSection(ProjectConfigurationPlatforms) = postSolution
		{7E53384A-8E17-402C-8316-913A054A29E9}.Debug|Any CPU.ActiveCfg = Debug|Any CPU
		{7E53384A-8E17-402C-8316-913A054A29E9}.Debug|Any CPU.Build.0 = Debug|Any CPU
		{7E53384A-8E17-402C-8316-913A054A29E9}.Release|Any CPU.ActiveCfg = Release|Any CPU
		{7E53384A-8E17-402C-8316-913A054A29E9}.Release|Any CPU.Build.0 = Release|Any CPU
		{BB71CB09-BF73-4BD7-A0B3-980172513A92}.Debug|Any CPU.ActiveCfg = Debug|Any CPU
		{BB71CB09-BF73-4BD7-A0B3-980172513A92}.Debug|Any CPU.Build.0 = Debug|Any CPU
		{BB71CB09-BF73-4BD7-A0B3-980172513A92}.Release|Any CPU.ActiveCfg = Release|Any CPU
		{BB71CB09-BF73-4BD7-A0B3-980172513A92}.Release|Any CPU.Build.0 = Release|Any CPU
	EndGlobalSection
	GlobalSection(SolutionProperties) = preSolution
		HideSolutionNode = FALSE
	EndGlobalSection
	GlobalSection(ExtensibilityGlobals) = postSolution
		SolutionGuid = {A39D0242-9081-442F-872D-DE95FCC9715D}
	EndGlobalSection
EndGlobal
